
Microsoft Visual Studio Solution File, Format Version 12.00
# Visual Studio Version 17
VisualStudioVersion = 17.4.33122.133
MinimumVisualStudioVersion = 10.0.40219.1
Project("{FAE04EC0-301F-11D3-BF4B-00C04F79EFBC}") = "IdentityDemo", "IdentityDemo.csproj", "{255305D8-19E1-45DA-9497-8EFA75B19CB2}"
EndProject
Global
	GlobalSection(SolutionConfigurationPlatforms) = preSolution
		Debug|Any CPU = Debug|Any CPU
		Release|Any CPU = Release|Any CPU
	EndGlobalSection
	GlobalSection(ProjectConfigurationPlatforms) = postSolution
		{255305D8-19E1-45DA-9497-8EFA75B19CB2}.Debug|Any CPU.ActiveCfg = Debug|Any CPU
		{255305D8-19E1-45DA-9497-8EFA75B19CB2}.Debug|Any CPU.Build.0 = Debug|Any CPU
		{255305D8-19E1-45DA-9497-8EFA75B19CB2}.Release|Any CPU.ActiveCfg = Release|Any CPU
		{255305D8-19E1-45DA-9497-8EFA75B19CB2}.Release|Any CPU.Build.0 = Release|Any CPU
	EndGlobalSection
	GlobalSection(SolutionProperties) = preSolution
		HideSolutionNode = FALSE
	EndGlobalSection
	GlobalSection(ExtensibilityGlobals) = postSolution
		SolutionGuid = {4627B172-9047-4480-A4F5-66C3A8A3FE5C}
	EndGlobalSection
EndGlobal
